PODS:
  - IGListKit (3.1.1):
    - IGListKit/Default (= 3.1.1)
  - IGListKit/Default (3.1.1):
    - IGListKit/Diffing
  - IGListKit/Diffing (3.1.1)

DEPENDENCIES:
  - IGListKit

SPEC CHECKSUMS:
  IGListKit: cb97f405ae43e59fe1da74271e19427ec20d3c07

PODFILE CHECKSUM: d661a1773241e69c57c0ab2f74bd4066f00bb19f

COCOAPODS: 1.4.0
